// !$*UTF8*$!
{
	archiveVersion = 1;
	classes = {
	};
	objectVersion = 50;
	objects = {

/* Begin PBXBuildFile section */
		D611A96A26827E8500AD811B /* AppDelegate.swift in Sources */ = {isa = PBXBuildFile; fileRef = D611A96926827E8500AD811B /* AppDelegate.swift */; };
		D611A96C26827E8500AD811B /* SceneDelegate.swift in Sources */ = {isa = PBXBuildFile; fileRef = D611A96B26827E8500AD811B /* SceneDelegate.swift */; };
		D611A96E26827E8500AD811B /* TabBarController.swift in Sources */ = {isa = PBXBuildFile; fileRef = D611A96D26827E8500AD811B /* TabBarController.swift */; };
		D611A97326827E8800AD811B /* Assets.xcassets in Resources */ = {isa = PBXBuildFile; fileRef = D611A97226827E8800AD811B /* Assets.xcassets */; };
		D611A97626827E8800AD811B /* LaunchScreen.storyboard in Resources */ = {isa = PBXBuildFile; fileRef = D611A97426827E8800AD811B /* LaunchScreen.storyboard */; };
		D611A982268292C700AD811B /* Game.swift in Sources */ = {isa = PBXBuildFile; fileRef = D611A981268292C700AD811B /* Game.swift */; };
		D611A9842682953500AD811B /* APIData.swift in Sources */ = {isa = PBXBuildFile; fileRef = D611A9832682953500AD811B /* APIData.swift */; };
		D611A986268837EA00AD811B /* CustomCell.swift in Sources */ = {isa = PBXBuildFile; fileRef = D611A985268837EA00AD811B /* CustomCell.swift */; };
		D61B4B8726B9BB3C0027837D /* TestViewController.swift in Sources */ = {isa = PBXBuildFile; fileRef = D61B4B8626B9BB3C0027837D /* TestViewController.swift */; };
		D645418E26A7A2A8003405E8 /* NBAGameStructs.swift in Sources */ = {isa = PBXBuildFile; fileRef = D645418D26A7A2A8003405E8 /* NBAGameStructs.swift */; };
		D66F553A26B9AB6B0046449B /* LeagueViewController.swift in Sources */ = {isa = PBXBuildFile; fileRef = D66F553926B9AB6B0046449B /* LeagueViewController.swift */; };
/* End PBXBuildFile section */

/* Begin PBXFileReference section */
		D611A96626827E8500AD811B /* SportsScores.app */ = {isa = PBXFileReference; explicitFileType = wrapper.application; includeInIndex = 0; path = SportsScores.app; sourceTree = BUILT_PRODUCTS_DIR; };
		D611A96926827E8500AD811B /* AppDelegate.swift */ = {isa = PBXFileReference; lastKnownFileType = sourcecode.swift; path = AppDelegate.swift; sourceTree = "<group>"; };
		D611A96B26827E8500AD811B /* SceneDelegate.swift */ = {isa = PBXFileReference; lastKnownFileType = sourcecode.swift; path = SceneDelegate.swift; sourceTree = "<group>"; };
		D611A96D26827E8500AD811B /* TabBarController.swift */ = {isa = PBXFileReference; lastKnownFileType = sourcecode.swift; path = TabBarController.swift; sourceTree = "<group>"; };
		D611A97226827E8800AD811B /* Assets.xcassets */ = {isa = PBXFileReference; lastKnownFileType = folder.assetcatalog; path = Assets.xcassets; sourceTree = "<group>"; };
		D611A97526827E8800AD811B /* Base */ = {isa = PBXFileReference; lastKnownFileType = file.storyboard; name = Base; path = Base.lproj/LaunchScreen.storyboard; sourceTree = "<group>"; };
		D611A97726827E8800AD811B /* Info.plist */ = {isa = PBXFileReference; lastKnownFileType = text.plist.xml; path = Info.plist; sourceTree = "<group>"; };
		D611A981268292C700AD811B /* Game.swift */ = {isa = PBXFileReference; lastKnownFileType = sourcecode.swift; path = Game.swift; sourceTree = "<group>"; };
		D611A9832682953500AD811B /* APIData.swift */ = {isa = PBXFileReference; lastKnownFileType = sourcecode.swift; path = APIData.swift; sourceTree = "<group>"; };
		D611A985268837EA00AD811B /* CustomCell.swift */ = {isa = PBXFileReference; lastKnownFileType = sourcecode.swift; path = CustomCell.swift; sourceTree = "<group>"; };
		D61B4B8626B9BB3C0027837D /* TestViewController.swift */ = {isa = PBXFileReference; lastKnownFileType = sourcecode.swift; path = TestViewController.swift; sourceTree = "<group>"; };
		D645418D26A7A2A8003405E8 /* NBAGameStructs.swift */ = {isa = PBXFileReference; lastKnownFileType = sourcecode.swift; path = NBAGameStructs.swift; sourceTree = "<group>"; };
		D66F553926B9AB6B0046449B /* LeagueViewController.swift */ = {isa = PBXFileReference; lastKnownFileType = sourcecode.swift; path = LeagueViewController.swift; sourceTree = "<group>"; };
/* End PBXFileReference section */

/* Begin PBXFrameworksBuildPhase section */
		D611A96326827E8500AD811B /* Frameworks */ = {
			isa = PBXFrameworksBuildPhase;
			buildActionMask = 2147483647;
			files = (
			);
			runOnlyForDeploymentPostprocessing = 0;
		};
/* End PBXFrameworksBuildPhase section */

/* Begin PBXGroup section */
		D611A95D26827E8500AD811B = {
			isa = PBXGroup;
			children = (
				D611A96826827E8500AD811B /* SportsScores */,
				D611A96726827E8500AD811B /* Products */,
			);
			sourceTree = "<group>";
		};
		D611A96726827E8500AD811B /* Products */ = {
			isa = PBXGroup;
			children = (
				D611A96626827E8500AD811B /* SportsScores.app */,
			);
			name = Products;
			sourceTree = "<group>";
		};
		D611A96826827E8500AD811B /* SportsScores */ = {
			isa = PBXGroup;
			children = (
				D611A96926827E8500AD811B /* AppDelegate.swift */,
				D611A96B26827E8500AD811B /* SceneDelegate.swift */,
				D611A97226827E8800AD811B /* Assets.xcassets */,
				D66F553926B9AB6B0046449B /* LeagueViewController.swift */,
				D61B4B8626B9BB3C0027837D /* TestViewController.swift */,
				D611A96D26827E8500AD811B /* TabBarController.swift */,
				D611A981268292C700AD811B /* Game.swift */,
				D611A9832682953500AD811B /* APIData.swift */,
				D645418D26A7A2A8003405E8 /* NBAGameStructs.swift */,
				D611A985268837EA00AD811B /* CustomCell.swift */,
				D611A97426827E8800AD811B /* LaunchScreen.storyboard */,
				D611A97726827E8800AD811B /* Info.plist */,
			);
			path = SportsScores;
			sourceTree = "<group>";
		};
/* End PBXGroup section */

/* Begin PBXNativeTarget section */
		D611A96526827E8500AD811B /* SportsScores */ = {
			isa = PBXNativeTarget;
			buildConfigurationList = D611A97A26827E8800AD811B /* Build configuration list for PBXNativeTarget "SportsScores" */;
			buildPhases = (
				D611A96226827E8500AD811B /* Sources */,
				D611A96326827E8500AD811B /* Frameworks */,
				D611A96426827E8500AD811B /* Resources */,
			);
			buildRules = (
			);
			dependencies = (
			);
			name = SportsScores;
			productName = SportsScores;
			productReference = D611A96626827E8500AD811B /* SportsScores.app */;
			productType = "com.apple.product-type.application";
		};
/* End PBXNativeTarget section */

/* Begin PBXProject section */
		D611A95E26827E8500AD811B /* Project object */ = {
			isa = PBXProject;
			attributes = {
				LastSwiftUpdateCheck = 1250;
				LastUpgradeCheck = 1250;
				TargetAttributes = {
					D611A96526827E8500AD811B = {
						CreatedOnToolsVersion = 12.5.1;
					};
				};
			};
			buildConfigurationList = D611A96126827E8500AD811B /* Build configuration list for PBXProject "SportsScores" */;
			compatibilityVersion = "Xcode 9.3";
			developmentRegion = en;
			hasScannedForEncodings = 0;
			knownRegions = (
				en,
				Base,
			);
			mainGroup = D611A95D26827E8500AD811B;
			productRefGroup = D611A96726827E8500AD811B /* Products */;
			projectDirPath = "";
			projectRoot = "";
			targets = (
				D611A96526827E8500AD811B /* SportsScores */,
			);
		};
/* End PBXProject section */

/* Begin PBXResourcesBuildPhase section */
		D611A96426827E8500AD811B /* Resources */ = {
			isa = PBXResourcesBuildPhase;
			buildActionMask = 2147483647;
			files = (
				D611A97626827E8800AD811B /* LaunchScreen.storyboard in Resources */,
				D611A97326827E8800AD811B /* Assets.xcassets in Resources */,
			);
			runOnlyForDeploymentPostprocessing = 0;
		};
/* End PBXResourcesBuildPhase section */

/* Begin PBXSourcesBuildPhase section */
		D611A96226827E8500AD811B /* Sources */ = {
			isa = PBXSourcesBuildPhase;
			buildActionMask = 2147483647;
			files = (
				D645418E26A7A2A8003405E8 /* NBAGameStructs.swift in Sources */,
				D611A96E26827E8500AD811B /* TabBarController.swift in Sources */,
				D61B4B8726B9BB3C0027837D /* TestViewController.swift in Sources */,
				D611A982268292C700AD811B /* Game.swift in Sources */,
				D66F553A26B9AB6B0046449B /* LeagueViewController.swift in Sources */,
				D611A96A26827E8500AD811B /* AppDelegate.swift in Sources */,
				D611A986268837EA00AD811B /* CustomCell.swift in Sources */,
				D611A9842682953500AD811B /* APIData.swift in Sources */,
				D611A96C26827E8500AD811B /* SceneDelegate.swift in Sources */,
			);
			runOnlyForDeploymentPostprocessing = 0;
		};
/* End PBXSourcesBuildPhase section */

/* Begin PBXVariantGroup section */
		D611A97426827E8800AD811B /* LaunchScreen.storyboard */ = {
			isa = PBXVariantGroup;
			children = (
				D611A97526827E8800AD811B /* Base */,
			);
			name = LaunchScreen.storyboard;
			sourceTree = "<group>";
		};
/* End PBXVariantGroup section */

/* Begin XCBuildConfiguration section */
		D611A97826827E8800AD811B /* Debug */ = {
			isa = XCBuildConfiguration;
			buildSettings = {
				ALWAYS_SEARCH_USER_PATHS = NO;
				CLANG_ANALYZER_NONNULL = YES;
				CLANG_ANALYZER_NUMBER_OBJECT_CONVERSION = YES_AGGRESSIVE;
				CLANG_CXX_LANGUAGE_STANDARD = "gnu++14";
				CLANG_CXX_LIBRARY = "libc++";
				CLANG_ENABLE_MODULES = YES;
				CLANG_ENABLE_OBJC_ARC = YES;
				CLANG_ENABLE_OBJC_WEAK = YES;
				CLANG_WARN_BLOCK_CAPTURE_AUTORELEASING = YES;
				CLANG_WARN_BOOL_CONVERSION = YES;
				CLANG_WARN_COMMA = YES;
				CLANG_WARN_CONSTANT_CONVERSION = YES;
				CLANG_WARN_DEPRECATED_OBJC_IMPLEMENTATIONS = YES;
				CLANG_WARN_DIRECT_OBJC_ISA_USAGE = YES_ERROR;
				CLANG_WARN_DOCUMENTATION_COMMENTS = YES;
				CLANG_WARN_EMPTY_BODY = YES;
				CLANG_WARN_ENUM_CONVERSION = YES;
				CLANG_WARN_INFINITE_RECURSION = YES;
				CLANG_WARN_INT_CONVERSION = YES;
				CLANG_WARN_NON_LITERAL_NULL_CONVERSION = YES;
				CLANG_WARN_OBJC_IMPLICIT_RETAIN_SELF = YES;
				CLANG_WARN_OBJC_LITERAL_CONVERSION = YES;
				CLANG_WARN_OBJC_ROOT_CLASS = YES_ERROR;
				CLANG_WARN_QUOTED_INCLUDE_IN_FRAMEWORK_HEADER = YES;
				CLANG_WARN_RANGE_LOOP_ANALYSIS = YES;
				CLANG_WARN_STRICT_PROTOTYPES = YES;
				CLANG_WARN_SUSPICIOUS_MOVE = YES;
				CLANG_WARN_UNGUARDED_AVAILABILITY = YES_AGGRESSIVE;
				CLANG_WARN_UNREACHABLE_CODE = YES;
				CLANG_WARN__DUPLICATE_METHOD_MATCH = YES;
				COPY_PHASE_STRIP = NO;
				DEBUG_INFORMATION_FORMAT = dwarf;
				ENABLE_STRICT_OBJC_MSGSEND = YES;
				ENABLE_TESTABILITY = YES;
				GCC_C_LANGUAGE_STANDARD = gnu11;
				GCC_DYNAMIC_NO_PIC = NO;
				GCC_NO_COMMON_BLOCKS = YES;
				GCC_OPTIMIZATION_LEVEL = 0;
				GCC_PREPROCESSOR_DEFINITIONS = (
					"DEBUG=1",
					"$(inherited)",
				);
				GCC_WARN_64_TO_32_BIT_CONVERSION = YES;
				GCC_WARN_ABOUT_RETURN_TYPE = YES_ERROR;
				GCC_WARN_UNDECLARED_SELECTOR = YES;
				GCC_WARN_UNINITIALIZED_AUTOS = YES_AGGRESSIVE;
				GCC_WARN_UNUSED_FUNCTION = YES;
				GCC_WARN_UNUSED_VARIABLE = YES;
				IPHONEOS_DEPLOYMENT_TARGET = 14.5;
				MTL_ENABLE_DEBUG_INFO = INCLUDE_SOURCE;
				MTL_FAST_MATH = YES;
				ONLY_ACTIVE_ARCH = YES;
				SDKROOT = iphoneos;
				SWIFT_ACTIVE_COMPILATION_CONDITIONS = DEBUG;
				SWIFT_OPTIMIZATION_LEVEL = "-Onone";
			};
			name = Debug;
		};
		D611A97926827E8800AD811B /* Release */ = {
			isa = XCBuildConfiguration;
			buildSettings = {
				ALWAYS_SEARCH_USER_PATHS = NO;
				CLANG_ANALYZER_NONNULL = YES;
				CLANG_ANALYZER_NUMBER_OBJECT_CONVERSION = YES_AGGRESSIVE;
				CLANG_CXX_LANGUAGE_STANDARD = "gnu++14";
				CLANG_CXX_LIBRARY = "libc++";
				CLANG_ENABLE_MODULES = YES;
				CLANG_ENABLE_OBJC_ARC = YES;
				CLANG_ENABLE_OBJC_WEAK = YES;
				CLANG_WARN_BLOCK_CAPTURE_AUTORELEASING = YES;
				CLANG_WARN_BOOL_CONVERSION = YES;
				CLANG_WARN_COMMA = YES;
				CLANG_WARN_CONSTANT_CONVERSION = YES;
				CLANG_WARN_DEPRECATED_OBJC_IMPLEMENTATIONS = YES;
				CLANG_WARN_DIRECT_OBJC_ISA_USAGE = YES_ERROR;
				CLANG_WARN_DOCUMENTATION_COMMENTS = YES;
				CLANG_WARN_EMPTY_BODY = YES;
				CLANG_WARN_ENUM_CONVERSION = YES;
				CLANG_WARN_INFINITE_RECURSION = YES;
				CLANG_WARN_INT_CONVERSION = YES;
				CLANG_WARN_NON_LITERAL_NULL_CONVERSION = YES;
				CLANG_WARN_OBJC_IMPLICIT_RETAIN_SELF = YES;
				CLANG_WARN_OBJC_LITERAL_CONVERSION = YES;
				CLANG_WARN_OBJC_ROOT_CLASS = YES_ERROR;
				CLANG_WARN_QUOTED_INCLUDE_IN_FRAMEWORK_HEADER = YES;
				CLANG_WARN_RANGE_LOOP_ANALYSIS = YES;
				CLANG_WARN_STRICT_PROTOTYPES = YES;
				CLANG_WARN_SUSPICIOUS_MOVE = YES;
				CLANG_WARN_UNGUARDED_AVAILABILITY = YES_AGGRESSIVE;
				CLANG_WARN_UNREACHABLE_CODE = YES;
				CLANG_WARN__DUPLICATE_METHOD_MATCH = YES;
				COPY_PHASE_STRIP = NO;
				DEBUG_INFORMATION_FORMAT = "dwarf-with-dsym";
				ENABLE_NS_ASSERTIONS = NO;
				ENABLE_STRICT_OBJC_MSGSEND = YES;
				GCC_C_LANGUAGE_STANDARD = gnu11;
				GCC_NO_COMMON_BLOCKS = YES;
				GCC_WARN_64_TO_32_BIT_CONVERSION = YES;
				GCC_WARN_ABOUT_RETURN_TYPE = YES_ERROR;
				GCC_WARN_UNDECLARED_SELECTOR = YES;
				GCC_WARN_UNINITIALIZED_AUTOS = YES_AGGRESSIVE;
				GCC_WARN_UNUSED_FUNCTION = YES;
				GCC_WARN_UNUSED_VARIABLE = YES;
				IPHONEOS_DEPLOYMENT_TARGET = 14.5;
				MTL_ENABLE_DEBUG_INFO = NO;
				MTL_FAST_MATH = YES;
				SDKROOT = iphoneos;
				SWIFT_COMPILATION_MODE = wholemodule;
				SWIFT_OPTIMIZATION_LEVEL = "-O";
				VALIDATE_PRODUCT = YES;
			};
			name = Release;
		};
		D611A97B26827E8800AD811B /* Debug */ = {
			isa = XCBuildConfiguration;
			buildSettings = {
				ASSETCATALOG_COMPILER_APPICON_NAME = AppIcon;
				ASSETCATALOG_COMPILER_GLOBAL_ACCENT_COLOR_NAME = AccentColor;
				CODE_SIGN_STYLE = Automatic;
				DEVELOPMENT_TEAM = NB9YQ82535;
				INFOPLIST_FILE = SportsScores/Info.plist;
				LD_RUNPATH_SEARCH_PATHS = (
					"$(inherited)",
					"@executable_path/Frameworks",
				);
				PRODUCT_BUNDLE_IDENTIFIER = KazimWalji.SportsScores;
				PRODUCT_NAME = "$(TARGET_NAME)";
				SWIFT_VERSION = 5.0;
				TARGETED_DEVICE_FAMILY = 1;
			};
			name = Debug;
		};
		D611A97C26827E8800AD811B /* Release */ = {
			isa = XCBuildConfiguration;
			buildSettings = {
				ASSETCATALOG_COMPILER_APPICON_NAME = AppIcon;
				ASSETCATALOG_COMPILER_GLOBAL_ACCENT_COLOR_NAME = AccentColor;
				CODE_SIGN_STYLE = Automatic;
				DEVELOPMENT_TEAM = NB9YQ82535;
				INFOPLIST_FILE = SportsScores/Info.plist;
				LD_RUNPATH_SEARCH_PATHS = (
					"$(inherited)",
					"@executable_path/Frameworks",
				);
				PRODUCT_BUNDLE_IDENTIFIER = KazimWalji.SportsScores;
				PRODUCT_NAME = "$(TARGET_NAME)";
				SWIFT_VERSION = 5.0;
				TARGETED_DEVICE_FAMILY = 1;
			};
			name = Release;
		};
/* End XCBuildConfiguration section */

/* Begin XCConfigurationList section */
		D611A96126827E8500AD811B /* Build configuration list for PBXProject "SportsScores" */ = {
			isa = XCConfigurationList;
			buildConfigurations = (
				D611A97826827E8800AD811B /* Debug */,
				D611A97926827E8800AD811B /* Release */,
			);
			defaultConfigurationIsVisible = 0;
			defaultConfigurationName = Release;
		};
		D611A97A26827E8800AD811B /* Build configuration list for PBXNativeTarget "SportsScores" */ = {
			isa = XCConfigurationList;
			buildConfigurations = (
				D611A97B26827E8800AD811B /* Debug */,
				D611A97C26827E8800AD811B /* Release */,
			);
			defaultConfigurationIsVisible = 0;
			defaultConfigurationName = Release;
		};
/* End XCConfigurationList section */
	};
	rootObject = D611A95E26827E8500AD811B /* Project object */;
}
